# THIS IS AN AUTOGENERATED FILE. DO NOT EDIT THIS FILE DIRECTLY.
# yarn lockfile v1


"@aws-crypto/ie11-detection@^1.0.0":
  version "1.0.0"
  resolved "https://registry.yarnpkg.com/@aws-crypto/ie11-detection/-/ie11-detection-1.0.0.tgz#d3a6af29ba7f15458f79c41d1cd8cac3925e726a"
  integrity sha512-kCKVhCF1oDxFYgQrxXmIrS5oaWulkvRcPz+QBDMsUr2crbF4VGgGT6+uQhSwJFdUAQ2A//Vq+uT83eJrkzFgXA==
  dependencies:
    tslib "^1.11.1"

"@aws-crypto/sha256-browser@^1.0.0":
  version "1.2.2"
  resolved "https://registry.yarnpkg.com/@aws-crypto/sha256-browser/-/sha256-browser-1.2.2.tgz#004d806e3bbae130046c259ec3279a02d4a0b576"
  integrity sha512-0tNR4kBtJp+9S0kis4+JLab3eg6QWuIeuPhzaYoYwNUXGBgsWIkktA2mnilet+EGWzf3n1zknJXC4X4DVyyXbg==
  dependencies:
    "@aws-crypto/ie11-detection" "^1.0.0"
    "@aws-crypto/sha256-js" "^1.2.2"
    "@aws-crypto/supports-web-crypto" "^1.0.0"
    "@aws-crypto/util" "^1.2.2"
    "@aws-sdk/types" "^3.1.0"
    "@aws-sdk/util-locate-window" "^3.0.0"
    tslib "^1.11.1"

"@aws-crypto/sha256-js@^1.0.0", "@aws-crypto/sha256-js@^1.2.2":
  version "1.2.2"
  resolved "https://registry.yarnpkg.com/@aws-crypto/sha256-js/-/sha256-js-1.2.2.tgz#02acd1a1fda92896fc5a28ec7c6e164644ea32fc"
  integrity sha512-Nr1QJIbW/afYYGzYvrF70LtaHrIRtd4TNAglX8BvlfxJLZ45SAmueIKYl5tWoNBPzp65ymXGFK0Bb1vZUpuc9g==
  dependencies:
    "@aws-crypto/util" "^1.2.2"
    "@aws-sdk/types" "^3.1.0"
    tslib "^1.11.1"

"@aws-crypto/supports-web-crypto@^1.0.0":
  version "1.0.0"
  resolved "https://registry.yarnpkg.com/@aws-crypto/supports-web-crypto/-/supports-web-crypto-1.0.0.tgz#c40901bc17ac1e875e248df16a2b47ad8bfd9a93"
  integrity sha512-IHLfv+WmVH89EW4n6a5eE8/hUlz6qkWGMn/v4r5ZgzcXdTC5nolii2z3k46y01hWRiC2PPhOdeSLzMUCUMco7g==
  dependencies:
    tslib "^1.11.1"

"@aws-crypto/util@^1.2.2":
  version "1.2.2"
  resolved "https://registry.yarnpkg.com/@aws-crypto/util/-/util-1.2.2.tgz#b28f7897730eb6538b21c18bd4de22d0ea09003c"
  integrity sha512-H8PjG5WJ4wz0UXAFXeJjWCW1vkvIJ3qUUD+rGRwJ2/hj+xT58Qle2MTql/2MGzkU+1JLAFuR6aJpLAjHwhmwwg==
  dependencies:
    "@aws-sdk/types" "^3.1.0"
    "@aws-sdk/util-utf8-browser" "^3.0.0"
    tslib "^1.11.1"

"@aws-sdk/abort-controller@3.36.0":
  version "3.36.0"
  resolved "https://registry.yarnpkg.com/@aws-sdk/abort-controller/-/abort-controller-3.36.0.tgz#173b18123e99c87b70bc2474b3244cda4bc7d2e5"
  integrity sha512-IzOL+3x6odlo6mChPChSJepvtHncMKuCQSO0HCDp7AHdhfbZxDCrOL4byH6E3L/LXhUQX8hI0vYE1IDB1nqjhA==
  dependencies:
    "@aws-sdk/types" "3.36.0"
    tslib "^2.3.0"

"@aws-sdk/client-dynamodb@^3.36.1":
  version "3.36.1"
  resolved "https://registry.yarnpkg.com/@aws-sdk/client-dynamodb/-/client-dynamodb-3.36.1.tgz#9cbca1c5fe87831195ca2f59a6b4713fdfa406d3"
  integrity sha512-yobb+j9Lf+bn192NzlUNS6zW1uS6RLUwoQideGjpm82XCWjlZKEEawDev0Z3iYAj+PGTgLXfuwsJYMD75BQbXg==
  dependencies:
    "@aws-crypto/sha256-browser" "^1.0.0"
    "@aws-crypto/sha256-js" "^1.0.0"
    "@aws-sdk/client-sts" "3.36.1"
    "@aws-sdk/config-resolver" "3.36.0"
    "@aws-sdk/credential-provider-node" "3.36.1"
    "@aws-sdk/fetch-http-handler" "3.36.0"
    "@aws-sdk/hash-node" "3.36.0"
    "@aws-sdk/invalid-dependency" "3.36.0"
    "@aws-sdk/middleware-content-length" "3.36.0"
    "@aws-sdk/middleware-endpoint-discovery" "3.36.0"
    "@aws-sdk/middleware-host-header" "3.36.0"
    "@aws-sdk/middleware-logger" "3.36.0"
    "@aws-sdk/middleware-retry" "3.36.0"
    "@aws-sdk/middleware-serde" "3.36.0"
    "@aws-sdk/middleware-signing" "3.36.0"
    "@aws-sdk/middleware-stack" "3.36.0"
    "@aws-sdk/middleware-user-agent" "3.36.0"
    "@aws-sdk/node-config-provider" "3.36.0"
    "@aws-sdk/node-http-handler" "3.36.0"
    "@aws-sdk/protocol-http" "3.36.0"
    "@aws-sdk/smithy-client" "3.36.0"
    "@aws-sdk/types" "3.36.0"
    "@aws-sdk/url-parser" "3.36.0"
    "@aws-sdk/util-base64-browser" "3.36.0"
    "@aws-sdk/util-base64-node" "3.36.0"
    "@aws-sdk/util-body-length-browser" "3.36.0"
    "@aws-sdk/util-body-length-node" "3.36.0"
    "@aws-sdk/util-user-agent-browser" "3.36.0"
    "@aws-sdk/util-user-agent-node" "3.36.0"
    "@aws-sdk/util-utf8-browser" "3.36.0"
    "@aws-sdk/util-utf8-node" "3.36.0"
    "@aws-sdk/util-waiter" "3.36.0"
    tslib "^2.3.0"
    uuid "^8.3.2"

"@aws-sdk/client-sso@3.36.1":
  version "3.36.1"
  resolved "https://registry.yarnpkg.com/@aws-sdk/client-sso/-/client-sso-3.36.1.tgz#bce2d51695c92e81400465ddc1625ad420e77ada"
  integrity sha512-ZYhsmzv5aCoIvP+NqWr50jY8suA/lZkV5jRmwW6jbgEdxO2G32eV0I3jeNplZYhLx3PdfOWpTdnSsYEaiFD2iA==
  dependencies:
    "@aws-crypto/sha256-browser" "^1.0.0"
    "@aws-crypto/sha256-js" "^1.0.0"
    "@aws-sdk/config-resolver" "3.36.0"
    "@aws-sdk/fetch-http-handler" "3.36.0"
    "@aws-sdk/hash-node" "3.36.0"
    "@aws-sdk/invalid-dependency" "3.36.0"
    "@aws-sdk/middleware-content-length" "3.36.0"
    "@aws-sdk/middleware-host-header" "3.36.0"
    "@aws-sdk/middleware-logger" "3.36.0"
    "@aws-sdk/middleware-retry" "3.36.0"
    "@aws-sdk/middleware-serde" "3.36.0"
    "@aws-sdk/middleware-stack" "3.36.0"
    "@aws-sdk/middleware-user-agent" "3.36.0"
    "@aws-sdk/node-config-provider" "3.36.0"
    "@aws-sdk/node-http-handler" "3.36.0"
    "@aws-sdk/protocol-http" "3.36.0"
    "@aws-sdk/smithy-client" "3.36.0"
    "@aws-sdk/types" "3.36.0"
    "@aws-sdk/url-parser" "3.36.0"
    "@aws-sdk/util-base64-browser" "3.36.0"
    "@aws-sdk/util-base64-node" "3.36.0"
    "@aws-sdk/util-body-length-browser" "3.36.0"
    "@aws-sdk/util-body-length-node" "3.36.0"
    "@aws-sdk/util-user-agent-browser" "3.36.0"
    "@aws-sdk/util-user-agent-node" "3.36.0"
    "@aws-sdk/util-utf8-browser" "3.36.0"
    "@aws-sdk/util-utf8-node" "3.36.0"
    tslib "^2.3.0"

"@aws-sdk/client-sts@3.36.1":
  version "3.36.1"
  resolved "https://registry.yarnpkg.com/@aws-sdk/client-sts/-/client-sts-3.36.1.tgz#f450135c7f864be019bcfaef3cba1e59d5539697"
  integrity sha512-Bvpr1dquJs6lRd2hu/BjfUz2nfP/ESXsxh0YR0H7HMq+RtW2Mr+IDIV6n+EK5te21VUmc47LVpPfdiYDWyRxLQ==
  dependencies:
    "@aws-crypto/sha256-browser" "^1.0.0"
    "@aws-crypto/sha256-js" "^1.0.0"
    "@aws-sdk/config-resolver" "3.36.0"
    "@aws-sdk/credential-provider-node" "3.36.1"
    "@aws-sdk/fetch-http-handler" "3.36.0"
    "@aws-sdk/hash-node" "3.36.0"
    "@aws-sdk/invalid-dependency" "3.36.0"
    "@aws-sdk/middleware-content-length" "3.36.0"
    "@aws-sdk/middleware-host-header" "3.36.0"
    "@aws-sdk/middleware-logger" "3.36.0"
    "@aws-sdk/middleware-retry" "3.36.0"
    "@aws-sdk/middleware-sdk-sts" "3.36.0"
    "@aws-sdk/middleware-serde" "3.36.0"
    "@aws-sdk/middleware-signing" "3.36.0"
    "@aws-sdk/middleware-stack" "3.36.0"
    "@aws-sdk/middleware-user-agent" "3.36.0"
    "@aws-sdk/node-config-provider" "3.36.0"
    "@aws-sdk/node-http-handler" "3.36.0"
    "@aws-sdk/protocol-http" "3.36.0"
    "@aws-sdk/smithy-client" "3.36.0"
    "@aws-sdk/types" "3.36.0"
    "@aws-sdk/url-parser" "3.36.0"
    "@aws-sdk/util-base64-browser" "3.36.0"
    "@aws-sdk/util-base64-node" "3.36.0"
    "@aws-sdk/util-body-length-browser" "3.36.0"
    "@aws-sdk/util-body-length-node" "3.36.0"
    "@aws-sdk/util-user-agent-browser" "3.36.0"
    "@aws-sdk/util-user-agent-node" "3.36.0"
    "@aws-sdk/util-utf8-browser" "3.36.0"
    "@aws-sdk/util-utf8-node" "3.36.0"
    entities "2.2.0"
    fast-xml-parser "3.19.0"
    tslib "^2.3.0"

"@aws-sdk/config-resolver@3.36.0":
  version "3.36.0"
  resolved "https://registry.yarnpkg.com/@aws-sdk/config-resolver/-/config-resolver-3.36.0.tgz#83d1ff8cbdea893be7bb82828ead9f0764a188bf"
  integrity sha512-4UxdPrlSo1RToelV72fMustttTSWKHJm3L054jJQUCiXDIIrUTAFhI5Z6El4wqYjg15QIZkIdcN0T9Vzd/z5Lw==
  dependencies:
    "@aws-sdk/signature-v4" "3.36.0"
    "@aws-sdk/types" "3.36.0"
    tslib "^2.3.0"

"@aws-sdk/credential-provider-env@3.36.0":
  version "3.36.0"
  resolved "https://registry.yarnpkg.com/@aws-sdk/credential-provider-env/-/credential-provider-env-3.36.0.tgz#7ac0735f4896252542860063bf4c6f3daf22fcba"
  integrity sha512-APQAgVmVx850lL8v2Sz/L4kA7a7ectqNZNxTBm6+H534uGsGYwNSmRcTQiXA77qCRts5ZaFQP3CHdxR8/Ixr6w==
  dependencies:
    "@aws-sdk/property-provider" "3.36.0"
    "@aws-sdk/types" "3.36.0"
    tslib "^2.3.0"

"@aws-sdk/credential-provider-imds@3.36.0":
  version "3.36.0"
  resolved "https://registry.yarnpkg.com/@aws-sdk/credential-provider-imds/-/credential-provider-imds-3.36.0.tgz#f9b30f3b71f0f6f330338e70704c800fd5dc33f5"
  integrity sha512-4hDzNZ60hgAenhAm1Sys25H2LispgtvSx+K6U/5kTJCvfqRwS13ZH9LTjlA4FoJC+zv4INSYN01oYZfhQpczUw==
  dependencies:
    "@aws-sdk/node-config-provider" "3.36.0"
    "@aws-sdk/property-provider" "3.36.0"
    "@aws-sdk/types" "3.36.0"
    "@aws-sdk/url-parser" "3.36.0"
    tslib "^2.3.0"

"@aws-sdk/credential-provider-ini@3.36.1":
  version "3.36.1"
  resolved "https://registry.yarnpkg.com/@aws-sdk/credential-provider-ini/-/credential-provider-ini-3.36.1.tgz#b28f3b2c7ba7282ec624d8a1fce8a9c4b806205a"
  integrity sha512-DqApaEr6khLcPOiZBjQeZqQ8A4eI9DJrlmlP5Ov2p0ne5miXEddwXaqGAFryF+ylMdPOvfjJvza1TkRD7MxhwA==
  dependencies:
    "@aws-sdk/credential-provider-env" "3.36.0"
    "@aws-sdk/credential-provider-imds" "3.36.0"
    "@aws-sdk/credential-provider-sso" "3.36.1"
    "@aws-sdk/credential-provider-web-identity" "3.36.0"
    "@aws-sdk/property-provider" "3.36.0"
    "@aws-sdk/shared-ini-file-loader" "3.36.0"
    "@aws-sdk/types" "3.36.0"
    "@aws-sdk/util-credentials" "3.36.0"
    tslib "^2.3.0"

"@aws-sdk/credential-provider-node@3.36.1":
  version "3.36.1"
  resolved "https://registry.yarnpkg.com/@aws-sdk/credential-provider-node/-/credential-provider-node-3.36.1.tgz#ebfaae983c64aebed8935818eb01b43591f7d99f"
  integrity sha512-SHBZOq+jOO/9Yqdrig5ATSLifjdNeVdi5/trCQj2ynwO6N9bAde0V1ni9TdBU/4kejYdtL+vIeEg8R29n1fMoA==
  dependencies:
    "@aws-sdk/credential-provider-env" "3.36.0"
    "@aws-sdk/credential-provider-imds" "3.36.0"
    "@aws-sdk/credential-provider-ini" "3.36.1"
    "@aws-sdk/credential-provider-process" "3.36.0"
    "@aws-sdk/credential-provider-sso" "3.36.1"
    "@aws-sdk/credential-provider-web-identity" "3.36.0"
    "@aws-sdk/property-provider" "3.36.0"
    "@aws-sdk/shared-ini-file-loader" "3.36.0"
    "@aws-sdk/types" "3.36.0"
    "@aws-sdk/util-credentials" "3.36.0"
    tslib "^2.3.0"

"@aws-sdk/credential-provider-process@3.36.0":
  version "3.36.0"
  resolved "https://registry.yarnpkg.com/@aws-sdk/credential-provider-process/-/credential-provider-process-3.36.0.tgz#1677866493d111364666972ef3c2766f9df31bee"
  integrity sha512-2ITkLv5mwbPzDCnPpZ7GpibQD78yiF2voU3knR5XWbnSdHosV+taTwnU+HMcJhWQPR9lTKHDf4/rEtUPw/imrQ==
  dependencies:
    "@aws-sdk/property-provider" "3.36.0"
    "@aws-sdk/shared-ini-file-loader" "3.36.0"
    "@aws-sdk/types" "3.36.0"
    "@aws-sdk/util-credentials" "3.36.0"
    tslib "^2.3.0"

"@aws-sdk/credential-provider-sso@3.36.1":
  version "3.36.1"
  resolved "https://registry.yarnpkg.com/@aws-sdk/credential-provider-sso/-/credential-provider-sso-3.36.1.tgz#851871673a1c8c23fa413728f2ff7ccb7e12140b"
  integrity sha512-uS6ZIwq0HbBGD7lhuUr/g2RIpQzEb2gT3e86r5Fesv5eLWTqzkhmXJ5jc7cHPuQK3Ojcu2S8atVcdeUGfdamgw==
  dependencies:
    "@aws-sdk/client-sso" "3.36.1"
    "@aws-sdk/property-provider" "3.36.0"
    "@aws-sdk/shared-ini-file-loader" "3.36.0"
    "@aws-sdk/types" "3.36.0"
    "@aws-sdk/util-credentials" "3.36.0"
    tslib "^2.3.0"

"@aws-sdk/credential-provider-web-identity@3.36.0":
  version "3.36.0"
  resolved "https://registry.yarnpkg.com/@aws-sdk/credential-provider-web-identity/-/credential-provider-web-identity-3.36.0.tgz#bd296390119c217d98407ed0c8adeee221f954a0"
  integrity sha512-cC0WZmQhxmEw5VJud15tNDQggGFTxtz6FP5Yj46UtmNa+cTadtrruoe4PZBC1QqWgrfBpkI7W1quD3BZthiV/w==
  dependencies:
    "@aws-sdk/property-provider" "3.36.0"
    "@aws-sdk/types" "3.36.0"
    tslib "^2.3.0"

"@aws-sdk/endpoint-cache@3.36.0":
  version "3.36.0"
  resolved "https://registry.yarnpkg.com/@aws-sdk/endpoint-cache/-/endpoint-cache-3.36.0.tgz#73425c91bc3236ab32b3a3149067a08454477528"
  integrity sha512-riqT+0ETKJQyp86K8eZQZdbnZmswHpEEz4VdSoXfj+VpGe3UtasUbyqsTIW2gCi2SFypSNbjrRk3QMFmWQJxXA==
  dependencies:
    mnemonist "0.38.3"
    tslib "^2.3.0"

"@aws-sdk/fetch-http-handler@3.36.0":
  version "3.36.0"
  resolved "https://registry.yarnpkg.com/@aws-sdk/fetch-http-handler/-/fetch-http-handler-3.36.0.tgz#d3a1d7529fb84164083fff2b6c766477f4e48325"
  integrity sha512-Xhd55V12+m8GTHdJRQVlxsdzq3k5rNUMK/5t4ehJwLoYdo3yc2tjOytgUoD9qDyGPkAV8nnP/uM03QEuovEk9w==
  dependencies:
    "@aws-sdk/protocol-http" "3.36.0"
    "@aws-sdk/querystring-builder" "3.36.0"
    "@aws-sdk/types" "3.36.0"
    "@aws-sdk/util-base64-browser" "3.36.0"
    tslib "^2.3.0"

"@aws-sdk/hash-node@3.36.0":
  version "3.36.0"
  resolved "https://registry.yarnpkg.com/@aws-sdk/hash-node/-/hash-node-3.36.0.tgz#200464edc0cfa645fa5b61dd138f4b64660576ce"
  integrity sha512-+SbX7eE+DRGeK6VfxKa4SanlT3syEn512XkwGvPe51r/ojeTgAZf/PzlKh+ketGMsbwDwoF2uQaQo/dos8PGjA==
  dependencies:
    "@aws-sdk/types" "3.36.0"
    "@aws-sdk/util-buffer-from" "3.36.0"
    tslib "^2.3.0"

"@aws-sdk/invalid-dependency@3.36.0":
  version "3.36.0"
  resolved "https://registry.yarnpkg.com/@aws-sdk/invalid-dependency/-/invalid-dependency-3.36.0.tgz#b0729fa3989eeb4ec073b001bb076940212b002c"
  integrity sha512-ArRPRY/5QmxmmAoMX1ukNPyOFic7CskZwDwFxnlFOzrsSaVuLkkqTW4SLV+xjVMHX8oINggj9Ufzgh3gj2oUaA==
  dependencies:
    "@aws-sdk/types" "3.36.0"
    tslib "^2.3.0"

"@aws-sdk/is-array-buffer@3.36.0":
  version "3.36.0"
  resolved "https://registry.yarnpkg.com/@aws-sdk/is-array-buffer/-/is-array-buffer-3.36.0.tgz#47cc3a58a6afd7e35ad1358dd38a30d6ff62c7de"
  integrity sha512-sglBYWZYeYmCxkVdol+W2HGazAwF6z3HvLETkDIKTzM80+xepCoEBGrJi1tWO+OMZxSJq1KV/u89fQuGouBeKQ==
  dependencies:
    tslib "^2.3.0"

"@aws-sdk/middleware-content-length@3.36.0":
  version "3.36.0"
  resolved "https://registry.yarnpkg.com/@aws-sdk/middleware-content-length/-/middleware-content-length-3.36.0.tgz#6070fc53c00f658ad31c74400984263bd3b80d56"
  integrity sha512-3+3QYgXnIukhdeP8UHXb7E8vv9d61sUAN4hbEi4/Tg6ZZOUoeVfWZrQCQNTNBV07qoATdeGE+EaPgTJEOmiDig==
  dependencies:
    "@aws-sdk/protocol-http" "3.36.0"
    "@aws-sdk/types" "3.36.0"
    tslib "^2.3.0"

"@aws-sdk/middleware-endpoint-discovery@3.36.0":
  version "3.36.0"
  resolved "https://registry.yarnpkg.com/@aws-sdk/middleware-endpoint-discovery/-/middleware-endpoint-discovery-3.36.0.tgz#6d86ab8d89c29183682d1eacbcb9422b20467475"
  integrity sha512-LmgfD3R44P8dmOKgGLtoQstU2Le7DZku6wSXkblJK1wAebzRw7oogPHAUA3L2imNyjMFVN3EvVXQq3cq0Bdy3g==
  dependencies:
    "@aws-sdk/config-resolver" "3.36.0"
    "@aws-sdk/endpoint-cache" "3.36.0"
    "@aws-sdk/protocol-http" "3.36.0"
    "@aws-sdk/types" "3.36.0"
    tslib "^2.3.0"

"@aws-sdk/middleware-host-header@3.36.0":
  version "3.36.0"
  resolved "https://registry.yarnpkg.com/@aws-sdk/middleware-host-header/-/middleware-host-header-3.36.0.tgz#ebb99c13aea5570a61530831274c8a4ed0205ac8"
  integrity sha512-hN9HSMAE6um17TygJaQjAlM5fFJRneXB794OK/hMngibotQ90FogvbEWOPBRBW+LaWWemr39xdcb51PHsUSlbg==
  dependencies:
    "@aws-sdk/protocol-http" "3.36.0"
    "@aws-sdk/types" "3.36.0"
    tslib "^2.3.0"

"@aws-sdk/middleware-logger@3.36.0":
  version "3.36.0"
  resolved "https://registry.yarnpkg.com/@aws-sdk/middleware-logger/-/middleware-logger-3.36.0.tgz#cb33773859c44f7b36a40428f919c31889ee211b"
  integrity sha512-Cl5yx5xNbm8nL6iI0iRjEmtT/ImoxZzU3eWpACglweyxgeF5nRDUMp5v9WthuCPCOjxrw2I95JOj5JOP+/QIXA==
  dependencies:
    "@aws-sdk/types" "3.36.0"
    tslib "^2.3.0"

"@aws-sdk/middleware-retry@3.36.0":
  version "3.36.0"
  resolved "https://registry.yarnpkg.com/@aws-sdk/middleware-retry/-/middleware-retry-3.36.0.tgz#e04b75d63262004a85932c799446a620a79c6254"
  integrity sha512-qFHFQ7KmwpD8eRCsbN4vaisidlRi/rzegns5/3PZU0wygQ2obTi2NnKJJr0dWSG6XqPhBmUv0YleIh9LQZimuQ==
  dependencies:
    "@aws-sdk/protocol-http" "3.36.0"
    "@aws-sdk/service-error-classification" "3.36.0"
    "@aws-sdk/types" "3.36.0"
    tslib "^2.3.0"
    uuid "^8.3.2"

"@aws-sdk/middleware-sdk-sts@3.36.0":
  version "3.36.0"
  resolved "https://registry.yarnpkg.com/@aws-sdk/middleware-sdk-sts/-/middleware-sdk-sts-3.36.0.tgz#c12cea68cecb1d4740730dbe92040e309069595f"
  integrity sha512-W4b09/mfNqFNoxJxI0L2FjKEadhtYIBNkL8kh4fL40ax7zBL1Q7El9ZKueBezyN1EbYRui+tym39x9eEYZwTWw==
  dependencies:
    "@aws-sdk/middleware-signing" "3.36.0"
    "@aws-sdk/property-provider" "3.36.0"
    "@aws-sdk/protocol-http" "3.36.0"
    "@aws-sdk/signature-v4" "3.36.0"
    "@aws-sdk/types" "3.36.0"
    tslib "^2.3.0"

"@aws-sdk/middleware-serde@3.36.0":
  version "3.36.0"
  resolved "https://registry.yarnpkg.com/@aws-sdk/middleware-serde/-/middleware-serde-3.36.0.tgz#4ff2d15040b9ab42e075bd246d62894604f0b0e8"
  integrity sha512-KuQIt3Cq+FC2UlQ/PMYQACnSK4v/fkV0dHqTjICuCi0Tft17HtkXU6rFLbIAbkM1wCp1OhyHFjHHDESvvjdmGA==
  dependencies:
    "@aws-sdk/types" "3.36.0"
    tslib "^2.3.0"

"@aws-sdk/middleware-signing@3.36.0":
  version "3.36.0"
  resolved "https://registry.yarnpkg.com/@aws-sdk/middleware-signing/-/middleware-signing-3.36.0.tgz#3c632ff0c1aa4b057174f66f23d3c5429eab883c"
  integrity sha512-nx+IJE2YFxHF+ap4mOUSVP7WmXMgtHgC/QM97pcd03RtUhsNsu0rmv5HOmyl5MduP/NjGdRdF3Ng+MP2q2aTpg==
  dependencies:
    "@aws-sdk/property-provider" "3.36.0"
    "@aws-sdk/protocol-http" "3.36.0"
    "@aws-sdk/signature-v4" "3.36.0"
    "@aws-sdk/types" "3.36.0"
    tslib "^2.3.0"

"@aws-sdk/middleware-stack@3.36.0":
  version "3.36.0"
  resolved "https://registry.yarnpkg.com/@aws-sdk/middleware-stack/-/middleware-stack-3.36.0.tgz#1e5c76a96a41633ccbad061ab3058619a4850896"
  integrity sha512-9BWJ25nGQET23CiukmdGw0njDhl+uTUZ8CwO4VQwklmK9x8Y+NFE7k2RCp5m3GxEvn07oJ3FlWK5WE4LLmu4Pw==
  dependencies:
    tslib "^2.3.0"

"@aws-sdk/middleware-user-agent@3.36.0":
  version "3.36.0"
  resolved "https://registry.yarnpkg.com/@aws-sdk/middleware-user-agent/-/middleware-user-agent-3.36.0.tgz#9365536432119aab25731a7e214fe1e56afb4483"
  integrity sha512-n2Poao1alyrKu8a5vcOW9hFIRHrnAlKtUvlItQWSVxgVHQhrYkBJycRW/qh1BKLxt1S+EUPTMTVS4i0XGYOqSw==
  dependencies:
    "@aws-sdk/protocol-http" "3.36.0"
    "@aws-sdk/types" "3.36.0"
    tslib "^2.3.0"

"@aws-sdk/node-config-provider@3.36.0":
  version "3.36.0"
  resolved "https://registry.yarnpkg.com/@aws-sdk/node-config-provider/-/node-config-provider-3.36.0.tgz#7db3f842adbc52fb0dc4e68269f37feffa2d65a4"
  integrity sha512-tn1ToARM3iPXh1BZxzv5OgqBvXIAZaWV+sZ/Ns1GY7r5oy9JA2Z3Q/VG49POrY2gL5q1QaGAs/5WiBc6TEEE6Q==
  dependencies:
    "@aws-sdk/property-provider" "3.36.0"
    "@aws-sdk/shared-ini-file-loader" "3.36.0"
    "@aws-sdk/types" "3.36.0"
    tslib "^2.3.0"

"@aws-sdk/node-http-handler@3.36.0":
  version "3.36.0"
  resolved "https://registry.yarnpkg.com/@aws-sdk/node-http-handler/-/node-http-handler-3.36.0.tgz#3fc18270e078ee261808a0ee385d21d05ef86bd3"
  integrity sha512-hfmiEw498YNS/maPVLqQaXvfE6zygGgCsQcD/r8AHdI3vuoNk0fMr6Ys9EhTr9cjBATRDej3Yq7PMKMylsnaiw==
  dependencies:
    "@aws-sdk/abort-controller" "3.36.0"
    "@aws-sdk/protocol-http" "3.36.0"
    "@aws-sdk/querystring-builder" "3.36.0"
    "@aws-sdk/types" "3.36.0"
    tslib "^2.3.0"

"@aws-sdk/property-provider@3.36.0":
  version "3.36.0"
  resolved "https://registry.yarnpkg.com/@aws-sdk/property-provider/-/property-provider-3.36.0.tgz#c6f02521c9c61ae6012ee4459dded0f238bbcf04"
  integrity sha512-/+XvcAClcpaV0ufcC7r7mYq7MWRk9gsSWWw2nlb8O4Yj1r7bQyg3WsR4gCd9bxL8uUJn4xCD5nvVp3pLzgOsRg==
  dependencies:
    "@aws-sdk/types" "3.36.0"
    tslib "^2.3.0"

"@aws-sdk/protocol-http@3.36.0":
  version "3.36.0"
  resolved "https://registry.yarnpkg.com/@aws-sdk/protocol-http/-/protocol-http-3.36.0.tgz#b65e2ff9d12361fd27d140c0166128be0f30a3d0"
  integrity sha512-8uSVHoboZh9oNG4oCf0sVmZDB5HDY0CiWcX22ELqvYpia96gIp/n1AHru7aEbD++uHB3w+VPbHABOXDD6dxqmg==
  dependencies:
    "@aws-sdk/types" "3.36.0"
    tslib "^2.3.0"

"@aws-sdk/querystring-builder@3.36.0":
  version "3.36.0"
  resolved "https://registry.yarnpkg.com/@aws-sdk/querystring-builder/-/querystring-builder-3.36.0.tgz#8ae864e960f2a7cbf5185d94c5daa964b359d152"
  integrity sha512-l+ngIoBDKoarU8Pdi2InIKGhzl7/pnAMmAE8HMC9EIFDPwpdyOVd8HQFT8+Ot3nlvHiZC8OzpRTTwS0sXIhLEQ==
  dependencies:
    "@aws-sdk/types" "3.36.0"
    "@aws-sdk/util-uri-escape" "3.36.0"
    tslib "^2.3.0"

"@aws-sdk/querystring-parser@3.36.0":
  version "3.36.0"
  resolved "https://registry.yarnpkg.com/@aws-sdk/querystring-parser/-/querystring-parser-3.36.0.tgz#f9b922527ef0adec29000960eae7ac951edb99eb"
  integrity sha512-ZRqJaWnuZLx7c0iTrUr1Se4rEuAlrS3+gzNaraheJasUCVTSXGqHYSGuV8y83/hKnwMra4r9ITd8SzTHuHPTzA==
  dependencies:
    "@aws-sdk/types" "3.36.0"
    tslib "^2.3.0"

"@aws-sdk/service-error-classification@3.36.0":
  version "3.36.0"
  resolved "https://registry.yarnpkg.com/@aws-sdk/service-error-classification/-/service-error-classification-3.36.0.tgz#0874b80d82e3c03e5f9800feda45dcfb7b8f9b2e"
  integrity sha512-y3m/Gc1kSZBX1Dvg3lnu3TxteW2WqjFGc5Y1XBqjOdmQ5JmE1GZz+s9inGfP6N/5v56qQfhTeVCABh1Anq+jEw==

"@aws-sdk/shared-ini-file-loader@3.36.0":
  version "3.36.0"
  resolved "https://registry.yarnpkg.com/@aws-sdk/shared-ini-file-loader/-/shared-ini-file-loader-3.36.0.tgz#4949ceaf4f608da2efed03f005513a51c1668431"
  integrity sha512-4Xb40+nmfT+qjmHfC17bC96bTME01k+axhSX1GkPH6PlrZrR3ICuq59JLn7SJprw8x7/HHa1HmYpCR1tbkXjNw==
  dependencies:
    tslib "^2.3.0"

"@aws-sdk/signature-v4@3.36.0":
  version "3.36.0"
  resolved "https://registry.yarnpkg.com/@aws-sdk/signature-v4/-/signature-v4-3.36.0.tgz#177acc6658c50923d2b1a811ffefe1c94ece0387"
  integrity sha512-R17pRSxUYai0rBDAQPMXp/9kC1BewciJlkfP2Lztvp09KqEOqkHTzS3/vHm5W2lStQi+LThAjtG7vADSJIJ9Vg==
  dependencies:
    "@aws-sdk/is-array-buffer" "3.36.0"
    "@aws-sdk/types" "3.36.0"
    "@aws-sdk/util-hex-encoding" "3.36.0"
    "@aws-sdk/util-uri-escape" "3.36.0"
    tslib "^2.3.0"

"@aws-sdk/smithy-client@3.36.0":
  version "3.36.0"
  resolved "https://registry.yarnpkg.com/@aws-sdk/smithy-client/-/smithy-client-3.36.0.tgz#3cff850c793fec0f125442eaf76384990dff5de4"
  integrity sha512-uYX4M7pNj+Vf4JuVOL0p+tAIKNHg2i7GgNyVlcELdaLFMIFfViJ2cMF72KqHA5xssnc9BHX/pR/0LS5PhBCYRg==
  dependencies:
    "@aws-sdk/middleware-stack" "3.36.0"
    "@aws-sdk/types" "3.36.0"
    tslib "^2.3.0"

"@aws-sdk/types@3.36.0", "@aws-sdk/types@^3.1.0":
  version "3.36.0"
  resolved "https://registry.yarnpkg.com/@aws-sdk/types/-/types-3.36.0.tgz#6d561df1070f039f29b2259affdd1201f3d06472"
  integrity sha512-OeaTDZqo4OfGahgsZF2viOWxSSNColEUf8RbKAWNlke3nkMu3JW8kkft1Qte6jvoQxZ3jOQWi33Z4LUxix/V7A==

"@aws-sdk/url-parser@3.36.0":
  version "3.36.0"
  resolved "https://registry.yarnpkg.com/@aws-sdk/url-parser/-/url-parser-3.36.0.tgz#72f594e0fa969122313bcdfcbefe41c28bd23900"
  integrity sha512-3l0iY9lx7dqEEyeKEB5IV92nFSYFAqwnD9cvJ6qmv5bheAgoizykugRMiT5U5DFGh5WYOHAh0Zkedqq87vJZOA==
  dependencies:
    "@aws-sdk/querystring-parser" "3.36.0"
    "@aws-sdk/types" "3.36.0"
    tslib "^2.3.0"

"@aws-sdk/util-base64-browser@3.36.0":
  version "3.36.0"
  resolved "https://registry.yarnpkg.com/@aws-sdk/util-base64-browser/-/util-base64-browser-3.36.0.tgz#01ea0523dd3e4e3b770c7f42aa2745e6388ddd6a"
  integrity sha512-N8Ej1C5rea8QSoU8Aomh9hpcGA1p/lEw6jIQQJ6yAKOUPk3y/XIhmJLj7nkIbL1LoRmS5seNqlaFilEBDDUxQw==
  dependencies:
    tslib "^2.3.0"

"@aws-sdk/util-base64-node@3.36.0":
  version "3.36.0"
  resolved "https://registry.yarnpkg.com/@aws-sdk/util-base64-node/-/util-base64-node-3.36.0.tgz#54b0b401d14b0ef64f992dbf7e2bfcb257578f45"
  integrity sha512-Lum6NUvfJuzCikeWjwBBKZR8cveVzwpGM6kCYEtLzFrc41vCf1bdUFwG05v6J0cAyUz9ULjJ/5P/RV27ddqTfQ==
  dependencies:
    "@aws-sdk/util-buffer-from" "3.36.0"
    tslib "^2.3.0"

"@aws-sdk/util-body-length-browser@3.36.0":
  version "3.36.0"
  resolved "https://registry.yarnpkg.com/@aws-sdk/util-body-length-browser/-/util-body-length-browser-3.36.0.tgz#d2ab83216a2da8c015865dea47657cbd0e4d6633"
  integrity sha512-6iSpqACjRVaG0J//zfPCcGb4Dy+7a/SQIWPg+dvDt3kV36oUYUpjE5UurlniONL4tntXs28WsiGJkJ8SQ+wefA==
  dependencies:
    tslib "^2.3.0"

"@aws-sdk/util-body-length-node@3.36.0":
  version "3.36.0"
  resolved "https://registry.yarnpkg.com/@aws-sdk/util-body-length-node/-/util-body-length-node-3.36.0.tgz#be3f78e0dd9429735c6d9d587ecb7cd37b478180"
  integrity sha512-19Qnr3AyInJes3LSlcf21Gw+e872ZeXHz59it91UvHX0bDqteJ7hjKG9g3PwA4z68JDTh+cL0zsUGlXQbaCv8w==
  dependencies:
    tslib "^2.3.0"

"@aws-sdk/util-buffer-from@3.36.0":
  version "3.36.0"
  resolved "https://registry.yarnpkg.com/@aws-sdk/util-buffer-from/-/util-buffer-from-3.36.0.tgz#ab9230fc30c37c5262198e389da0ff42ed89da63"
  integrity sha512-5HUsLHUQWOt87HeM6BO42BW1tCsD2UyJPdub7ME/r6NjpUNHsDHQP1j4MrqKFh7RbPUkdIF5s4/0VK5yoHQC4A==
  dependencies:
    "@aws-sdk/is-array-buffer" "3.36.0"
    tslib "^2.3.0"

"@aws-sdk/util-credentials@3.36.0":
  version "3.36.0"
  resolved "https://registry.yarnpkg.com/@aws-sdk/util-credentials/-/util-credentials-3.36.0.tgz#5485289f23a5f26cd736131b0221dff2677c3685"
  integrity sha512-5+XZL8ARDZGGhVDoBZNzS2Y6EJLGtsMkJbihZSMrHybljrLcYV0aM+Szqeotic9Zces5G4u5ZrN53IkXlLiY5Q==
  dependencies:
    "@aws-sdk/shared-ini-file-loader" "3.36.0"
    tslib "^2.3.0"

"@aws-sdk/util-dynamodb@^3.36.1":
  version "3.36.1"
  resolved "https://registry.yarnpkg.com/@aws-sdk/util-dynamodb/-/util-dynamodb-3.36.1.tgz#332b7b774b8077918b457f78d8636fd5d6c40d05"
  integrity sha512-whLNIy0kRRK/yHjB+rJ/StMAtKET/TaWEU76wHSeY2xoMnE958s3Rq/hRf7ZnsU+rxsdzfR+TOSnofgQ1UKJjA==
  dependencies:
    tslib "^2.3.0"

"@aws-sdk/util-hex-encoding@3.36.0":
  version "3.36.0"
  resolved "https://registry.yarnpkg.com/@aws-sdk/util-hex-encoding/-/util-hex-encoding-3.36.0.tgz#1617e32ab42639a92a29690a4ee75fadaa008e8b"
  integrity sha512-idqvxxGpitTt2UryXk+oy5dFHNVER1GOzexmNZG2JDtqJRfcJyx+gy+Q/HpQFxty1q3/5jxoYQW3KIpsqx7djw==
  dependencies:
    tslib "^2.3.0"

"@aws-sdk/util-locate-window@^3.0.0":
  version "3.36.0"
  resolved "https://registry.yarnpkg.com/@aws-sdk/util-locate-window/-/util-locate-window-3.36.0.tgz#8cf066f2bea665ba5352ce293844e9f6276e29d8"
  integrity sha512-w5k3siBOGy7bAfZG/p0WIHpedHNb4OQ0wUSDNvd6Kzn4dkqHPTWoA1NrCEuFk9Gwkrr1yNKxgVlo0SCtgznxPw==
  dependencies:
    tslib "^2.3.0"

"@aws-sdk/util-uri-escape@3.36.0":
  version "3.36.0"
  resolved "https://registry.yarnpkg.com/@aws-sdk/util-uri-escape/-/util-uri-escape-3.36.0.tgz#40196fa764a9bf92b4568c4e14045ece09581305"
  integrity sha512-2JW6lj5OUhoWxMCFpCS/ADXrzuEkjx/djjJuEJ3aFcHUH0uBUJGYtM7Kz5Vot5PcE/KBVe+fsi3wczoFpK+iag==
  dependencies:
    tslib "^2.3.0"

"@aws-sdk/util-user-agent-browser@3.36.0":
  version "3.36.0"
  resolved "https://registry.yarnpkg.com/@aws-sdk/util-user-agent-browser/-/util-user-agent-browser-3.36.0.tgz#0de8c041abb4a6f64f97f8bed52353d4470e9e9d"
  integrity sha512-pCHWQF85Aexrdtgd/hVGp5nHkqVt4+Ypse0J6Q2hs4pmu70HydnDDPRCimTquTsV3ni1M7mJGBMiTn7/qcjqyQ==
  dependencies:
    "@aws-sdk/types" "3.36.0"
    bowser "^2.11.0"
    tslib "^2.3.0"

"@aws-sdk/util-user-agent-node@3.36.0":
  version "3.36.0"
  resolved "https://registry.yarnpkg.com/@aws-sdk/util-user-agent-node/-/util-user-agent-node-3.36.0.tgz#c8c5af9165af82f8e31afd371ca913b3caafb510"
  integrity sha512-4OXZf2IYNBDkNPvptAQVztjF2Ov9s8vx1kAoHQx9LuKXV8FrhygU9DcMFlFkAXOeUkGDtWvok0n6horQ5/KNJA==
  dependencies:
    "@aws-sdk/node-config-provider" "3.36.0"
    "@aws-sdk/types" "3.36.0"
    tslib "^2.3.0"

"@aws-sdk/util-utf8-browser@3.36.0", "@aws-sdk/util-utf8-browser@^3.0.0":
  version "3.36.0"
  resolved "https://registry.yarnpkg.com/@aws-sdk/util-utf8-browser/-/util-utf8-browser-3.36.0.tgz#f80218f44d90bb39bf1bf9a902599ad1b7c4e6a8"
  integrity sha512-xVUtGIemnh2gD+1s6DZzdGNlgVxHXKlR/sT4G1afysifKrbyXMbh2Z3Ez+BgunWXQRbVXFmNQXHKHYuebMDe5w==
  dependencies:
    tslib "^2.3.0"

"@aws-sdk/util-utf8-node@3.36.0":
  version "3.36.0"
  resolved "https://registry.yarnpkg.com/@aws-sdk/util-utf8-node/-/util-utf8-node-3.36.0.tgz#6404710e4714ed9dcdd954882212151d7a0125b3"
  integrity sha512-Yu0I2QDAzLShC9WVHyzRgPDgbwkDHK2lthtIMpRJ3s5kedUzXxbNqFKekrUihfODJMJGnrgDQp/rUq7hWjGciA==
  dependencies:
    "@aws-sdk/util-buffer-from" "3.36.0"
    tslib "^2.3.0"

"@aws-sdk/util-waiter@3.36.0":
  version "3.36.0"
  resolved "https://registry.yarnpkg.com/@aws-sdk/util-waiter/-/util-waiter-3.36.0.tgz#8b1437b45c153635803867b569051e072bbbc308"
  integrity sha512-lHBBg6n29yphB3J+UQkZb93FjOFxVSEs1jqtk77lCYp3Ugz0LwiSDHgQePMomwSP3HMR6Iqb3pAlkTivTW45sg==
  dependencies:
    "@aws-sdk/abort-controller" "3.36.0"
    "@aws-sdk/types" "3.36.0"
    tslib "^2.3.0"

bowser@^2.11.0:
  version "2.11.0"
  resolved "https://registry.yarnpkg.com/bowser/-/bowser-2.11.0.tgz#5ca3c35757a7aa5771500c70a73a9f91ef420a8f"
  integrity sha512-AlcaJBi/pqqJBIQ8U9Mcpc9i8Aqxn88Skv5d+xBX006BY5u8N3mGLHa5Lgppa7L/HfwgwLgZ6NYs+Ag6uUmJRA==

entities@2.2.0:
  version "2.2.0"
  resolved "https://registry.yarnpkg.com/entities/-/entities-2.2.0.tgz#098dc90ebb83d8dffa089d55256b351d34c4da55"
  integrity sha512-p92if5Nz619I0w+akJrLZH0MX0Pb5DX39XOwQTtXSdQQOaYH03S1uIQp4mhOZtAXrxq4ViO67YTiLBo2638o9A==

fast-xml-parser@3.19.0:
  version "3.19.0"
  resolved "https://registry.yarnpkg.com/fast-xml-parser/-/fast-xml-parser-3.19.0.tgz#cb637ec3f3999f51406dd8ff0e6fc4d83e520d01"
  integrity sha512-4pXwmBplsCPv8FOY1WRakF970TjNGnGnfbOnLqjlYvMiF1SR3yOHyxMR/YCXpPTOspNF5gwudqktIP4VsWkvBg==

lodash@^4.17.20:
  version "4.17.21"
  resolved "https://registry.yarnpkg.com/lodash/-/lodash-4.17.21.tgz#679591c564c3bffaae8454cf0b3df370c3d6911c"
  integrity sha512-v2kDEe57lecTulaDIuNTPy3Ry4gLGJ6Z1O3vE1krgXZNrsQ+LFTGHVxVjcXPs17LhbZVGedAJv8XZ1tvj5FvSg==

mnemonist@0.38.3:
  version "0.38.3"
  resolved "https://registry.yarnpkg.com/mnemonist/-/mnemonist-0.38.3.tgz#35ec79c1c1f4357cfda2fe264659c2775ccd7d9d"
  integrity sha512-2K9QYubXx/NAjv4VLq1d1Ly8pWNC5L3BrixtdkyTegXWJIqY+zLNDhhX/A+ZwWt70tB1S8H4BE8FLYEFyNoOBw==
  dependencies:
    obliterator "^1.6.1"

obliterator@^1.6.1:
  version "1.6.1"
  resolved "https://registry.yarnpkg.com/obliterator/-/obliterator-1.6.1.tgz#dea03e8ab821f6c4d96a299e17aef6a3af994ef3"
  integrity sha512-9WXswnqINnnhOG/5SLimUlzuU1hFJUc8zkwyD59Sd+dPOMf05PmnYG/d6Q7HZ+KmgkZJa1PxRso6QdM3sTNHig==

serverless-iam-roles-per-function@^3.2.0:
  version "3.2.0"
  resolved "https://registry.yarnpkg.com/serverless-iam-roles-per-function/-/serverless-iam-roles-per-function-3.2.0.tgz#8bb5f68e73f391ac8ff9809b8e7726e5bafba4c4"
  integrity sha512-AXmxACHEUsDcFDcv8QNwDgn2L0brRJ7pz/phD3lFB/wQ3TtPJkorC+J7PxgFQbaWIQk15EIlU83BtKXeQoPTAg==
  dependencies:
    lodash "^4.17.20"

tslib@^1.11.1:
  version "1.14.1"
  resolved "https://registry.yarnpkg.com/tslib/-/tslib-1.14.1.tgz#cf2d38bdc34a134bcaf1091c41f6619e2f672d00"
  integrity sha512-Xni35NKzjgMrwevysHTCArtLDpPvye8zV/0E4EyYn43P7/7qvQwPh9BGkHewbMulVntbigmcT7rdX3BNo9wRJg==

tslib@^2.3.0:
  version "2.3.1"
  resolved "https://registry.yarnpkg.com/tslib/-/tslib-2.3.1.tgz#e8a335add5ceae51aa261d32a490158ef042ef01"
  integrity sha512-77EbyPPpMz+FRFRuAFlWMtmgUWGe9UOG2Z25NqCwiIjRhOf5iKGuzSe5P2w1laq+FkRy4p+PCuVkJSGkzTEKVw==

uuid@^8.3.2:
  version "8.3.2"
  resolved "https://registry.yarnpkg.com/uuid/-/uuid-8.3.2.tgz#80d5b5ced271bb9af6c445f21a1a04c606cefbe2"
  integrity sha512-+NYs2QeMWy+GWFOEm9xnn6HCDp0l7QBD7ml8zLUmJ+93Q5NF0NocErnwkTkXVFNiX3/fpC6afS8Dhb/gz7R7eg==
